
Microsoft Visual Studio Solution File, Format Version 12.00
# Visual Studio 15
VisualStudioVersion = 15.0.27130.2026
MinimumVisualStudioVersion = 10.0.40219.1
Project("{E24C65DC-7377-472B-9ABA-BC803B73C61A}") = "RazorDemo", "RazorDemo\", "{E3B694D6-B391-4D10-88D2-22025C313BE3}"
	ProjectSection(WebsiteProperties) = preProject
		TargetFrameworkMoniker = ".NETFramework,Version%3Dv4.6.1"
		Debug.AspNetCompiler.VirtualPath = "/localhost_57425"
		Debug.AspNetCompiler.PhysicalPath = "RazorDemo\"
		Debug.AspNetCompiler.TargetPath = "PrecompiledWeb\localhost_57425\"
		Debug.AspNetCompiler.Updateable = "true"
		Debug.AspNetCompiler.ForceOverwrite = "true"
		Debug.AspNetCompiler.FixedNames = "false"
		Debug.AspNetCompiler.Debug = "True"
		Release.AspNetCompiler.VirtualPath = "/localhost_57425"
		Release.AspNetCompiler.PhysicalPath = "RazorDemo\"
		Release.AspNetCompiler.TargetPath = "PrecompiledWeb\localhost_57425\"
		Release.AspNetCompiler.Updateable = "true"
		Release.AspNetCompiler.ForceOverwrite = "true"
		Release.AspNetCompiler.FixedNames = "false"
		Release.AspNetCompiler.Debug = "False"
		VWDPort = "57425"
		SlnRelativePath = "RazorDemo\"
		DefaultWebSiteLanguage = "Visual C#"
	EndProjectSection
EndProject
Project("{FAE04EC0-301F-11D3-BF4B-00C04F79EFBC}") = "ExploreTours", "ExploreTours\ExploreTours.csproj", "{48D983F1-A67D-4736-ABD2-3568774E7855}"
EndProject
Global
	GlobalSection(SolutionConfigurationPlatforms) = preSolution
		Debug|Any CPU = Debug|Any CPU
		Release|Any CPU = Release|Any CPU
	EndGlobalSection
	GlobalSection(ProjectConfigurationPlatforms) = postSolution
		{E3B694D6-B391-4D10-88D2-22025C313BE3}.Debug|Any CPU.ActiveCfg = Debug|Any CPU
		{E3B694D6-B391-4D10-88D2-22025C313BE3}.Debug|Any CPU.Build.0 = Debug|Any CPU
		{E3B694D6-B391-4D10-88D2-22025C313BE3}.Release|Any CPU.ActiveCfg = Debug|Any CPU
		{E3B694D6-B391-4D10-88D2-22025C313BE3}.Release|Any CPU.Build.0 = Debug|Any CPU
		{48D983F1-A67D-4736-ABD2-3568774E7855}.Debug|Any CPU.ActiveCfg = Debug|Any CPU
		{48D983F1-A67D-4736-ABD2-3568774E7855}.Debug|Any CPU.Build.0 = Debug|Any CPU
		{48D983F1-A67D-4736-ABD2-3568774E7855}.Release|Any CPU.ActiveCfg = Release|Any CPU
		{48D983F1-A67D-4736-ABD2-3568774E7855}.Release|Any CPU.Build.0 = Release|Any CPU
	EndGlobalSection
	GlobalSection(SolutionProperties) = preSolution
		HideSolutionNode = FALSE
	EndGlobalSection
	GlobalSection(ExtensibilityGlobals) = postSolution
		SolutionGuid = {4B189CE8-4809-4EF9-B6F5-99A92C3ED196}
	EndGlobalSection
EndGlobal
